
Microsoft Visual Studio Solution File, Format Version 12.00
# Visual Studio 14
VisualStudioVersion = 14.0.23107.0
MinimumVisualStudioVersion = 10.0.40219.1
Project("{FAE04EC0-301F-11D3-BF4B-00C04F79EFBC}") = "SMT.SpotRental.UI", "SMT_SpotRental_UI\SMT.SpotRental.UI.csproj", "{755E3075-4E78-4AAC-81C0-B23BAFF61571}"
EndProject
Project("{2150E333-8FDC-42A3-9474-1A3956D46DE8}") = "1.Presentation", "1.Presentation", "{BDDBB874-3308-427C-8B8D-F3702039F162}"
EndProject
Project("{2150E333-8FDC-42A3-9474-1A3956D46DE8}") = "2.Services", "2.Services", "{4DED151C-A173-454A-889C-A0D25646A88B}"
EndProject
Project("{FAE04EC0-301F-11D3-BF4B-00C04F79EFBC}") = "SMT.SpotRental.API", "SMT.SpotRental.API\SMT.SpotRental.API.csproj", "{03A38AB0-3608-4B23-AA7C-6E5952C02ECD}"
EndProject
Project("{2150E333-8FDC-42A3-9474-1A3956D46DE8}") = "3.Business", "3.Business", "{D56C45F0-66FF-4205-BB70-2896FEAC21C8}"
EndProject
Project("{FAE04EC0-301F-11D3-BF4B-00C04F79EFBC}") = "SMT.SpotRental.Business", "SMT.SpotRental.Business\SMT.SpotRental.Business.csproj", "{CCF4C933-19CE-4F12-9187-2B0FBB34CDC7}"
EndProject
Project("{2150E333-8FDC-42A3-9474-1A3956D46DE8}") = "4.Data", "4.Data", "{94C7C557-46BD-4E06-B37E-5498523EC6B8}"
EndProject
Project("{FAE04EC0-301F-11D3-BF4B-00C04F79EFBC}") = "SMT.SpotRental.Data", "SMT.SpotRental.Data\SMT.SpotRental.Data.csproj", "{150E7B4E-58C9-41C1-AB32-63E43C7B6BED}"
EndProject
Project("{2150E333-8FDC-42A3-9474-1A3956D46DE8}") = "5.Shared", "5.Shared", "{30260C86-313F-435F-8B6E-B417DE331DE1}"
EndProject
Project("{FAE04EC0-301F-11D3-BF4B-00C04F79EFBC}") = "SMT.SpotRental.Shared", "SMT.SpotRental.Shared\SMT.SpotRental.Shared.csproj", "{A1230471-3AFA-4C67-9724-3CA42504F6E3}"
EndProject
Project("{2150E333-8FDC-42A3-9474-1A3956D46DE8}") = "6.Database", "6.Database", "{D12ADC50-E66E-4223-9B4A-41C4A2C48068}"
EndProject
Project("{FAE04EC0-301F-11D3-BF4B-00C04F79EFBC}") = "SMT.SpotRental.Database", "SMT.SpotRental.Database\SMT.SpotRental.Database.csproj", "{2FFCD74E-056F-4A29-97A9-0B3E889EAA6B}"
EndProject
Project("{FAE04EC0-301F-11D3-BF4B-00C04F79EFBC}") = "SMT.SpotRental.API.Test", "SMT.SpotRental.API.Test\SMT.SpotRental.API.Test.csproj", "{1878B88D-3CB0-4901-9B8E-BE9925E44E8E}"
EndProject
Global
	GlobalSection(SolutionConfigurationPlatforms) = preSolution
		Debug|Any CPU = Debug|Any CPU
		Release|Any CPU = Release|Any CPU
	EndGlobalSection
	GlobalSection(ProjectConfigurationPlatforms) = postSolution
		{755E3075-4E78-4AAC-81C0-B23BAFF61571}.Debug|Any CPU.ActiveCfg = Debug|Any CPU
		{755E3075-4E78-4AAC-81C0-B23BAFF61571}.Debug|Any CPU.Build.0 = Debug|Any CPU
		{755E3075-4E78-4AAC-81C0-B23BAFF61571}.Release|Any CPU.ActiveCfg = Release|Any CPU
		{755E3075-4E78-4AAC-81C0-B23BAFF61571}.Release|Any CPU.Build.0 = Release|Any CPU
		{03A38AB0-3608-4B23-AA7C-6E5952C02ECD}.Debug|Any CPU.ActiveCfg = Debug|Any CPU
		{03A38AB0-3608-4B23-AA7C-6E5952C02ECD}.Debug|Any CPU.Build.0 = Debug|Any CPU
		{03A38AB0-3608-4B23-AA7C-6E5952C02ECD}.Release|Any CPU.ActiveCfg = Release|Any CPU
		{03A38AB0-3608-4B23-AA7C-6E5952C02ECD}.Release|Any CPU.Build.0 = Release|Any CPU
		{CCF4C933-19CE-4F12-9187-2B0FBB34CDC7}.Debug|Any CPU.ActiveCfg = Debug|Any CPU
		{CCF4C933-19CE-4F12-9187-2B0FBB34CDC7}.Debug|Any CPU.Build.0 = Debug|Any CPU
		{CCF4C933-19CE-4F12-9187-2B0FBB34CDC7}.Release|Any CPU.ActiveCfg = Release|Any CPU
		{CCF4C933-19CE-4F12-9187-2B0FBB34CDC7}.Release|Any CPU.Build.0 = Release|Any CPU
		{150E7B4E-58C9-41C1-AB32-63E43C7B6BED}.Debug|Any CPU.ActiveCfg = Debug|Any CPU
		{150E7B4E-58C9-41C1-AB32-63E43C7B6BED}.Debug|Any CPU.Build.0 = Debug|Any CPU
		{150E7B4E-58C9-41C1-AB32-63E43C7B6BED}.Release|Any CPU.ActiveCfg = Release|Any CPU
		{150E7B4E-58C9-41C1-AB32-63E43C7B6BED}.Release|Any CPU.Build.0 = Release|Any CPU
		{A1230471-3AFA-4C67-9724-3CA42504F6E3}.Debug|Any CPU.ActiveCfg = Debug|Any CPU
		{A1230471-3AFA-4C67-9724-3CA42504F6E3}.Debug|Any CPU.Build.0 = Debug|Any CPU
		{A1230471-3AFA-4C67-9724-3CA42504F6E3}.Release|Any CPU.ActiveCfg = Release|Any CPU
		{A1230471-3AFA-4C67-9724-3CA42504F6E3}.Release|Any CPU.Build.0 = Release|Any CPU
		{2FFCD74E-056F-4A29-97A9-0B3E889EAA6B}.Debug|Any CPU.ActiveCfg = Debug|Any CPU
		{2FFCD74E-056F-4A29-97A9-0B3E889EAA6B}.Debug|Any CPU.Build.0 = Debug|Any CPU
		{2FFCD74E-056F-4A29-97A9-0B3E889EAA6B}.Release|Any CPU.ActiveCfg = Release|Any CPU
		{2FFCD74E-056F-4A29-97A9-0B3E889EAA6B}.Release|Any CPU.Build.0 = Release|Any CPU
		{1878B88D-3CB0-4901-9B8E-BE9925E44E8E}.Debug|Any CPU.ActiveCfg = Debug|Any CPU
		{1878B88D-3CB0-4901-9B8E-BE9925E44E8E}.Debug|Any CPU.Build.0 = Debug|Any CPU
		{1878B88D-3CB0-4901-9B8E-BE9925E44E8E}.Release|Any CPU.ActiveCfg = Release|Any CPU
		{1878B88D-3CB0-4901-9B8E-BE9925E44E8E}.Release|Any CPU.Build.0 = Release|Any CPU
	EndGlobalSection
	GlobalSection(SolutionProperties) = preSolution
		HideSolutionNode = FALSE
	EndGlobalSection
	GlobalSection(NestedProjects) = preSolution
		{755E3075-4E78-4AAC-81C0-B23BAFF61571} = {BDDBB874-3308-427C-8B8D-F3702039F162}
		{03A38AB0-3608-4B23-AA7C-6E5952C02ECD} = {4DED151C-A173-454A-889C-A0D25646A88B}
		{CCF4C933-19CE-4F12-9187-2B0FBB34CDC7} = {D56C45F0-66FF-4205-BB70-2896FEAC21C8}
		{150E7B4E-58C9-41C1-AB32-63E43C7B6BED} = {94C7C557-46BD-4E06-B37E-5498523EC6B8}
		{A1230471-3AFA-4C67-9724-3CA42504F6E3} = {30260C86-313F-435F-8B6E-B417DE331DE1}
		{2FFCD74E-056F-4A29-97A9-0B3E889EAA6B} = {D12ADC50-E66E-4223-9B4A-41C4A2C48068}
		{1878B88D-3CB0-4901-9B8E-BE9925E44E8E} = {4DED151C-A173-454A-889C-A0D25646A88B}
	EndGlobalSection
EndGlobal
